
Microsoft Visual Studio Solution File, Format Version 12.00
# Visual Studio Version 16
VisualStudioVersion = 16.0.29123.88
MinimumVisualStudioVersion = 10.0.40219.1
Project("{FAE04EC0-301F-11D3-BF4B-00C04F79EFBC}") = "VFESecurity", "VFESecurity\VFESecurity.csproj", "{D9FC1570-4DA7-48B6-8B4B-1D59718EB05E}"
EndProject
Global
	GlobalSection(SolutionConfigurationPlatforms) = preSolution
		Debug|Any CPU = Debug|Any CPU
		Release|Any CPU = Release|Any CPU
	EndGlobalSection
	GlobalSection(ProjectConfigurationPlatforms) = postSolution
		{D9FC1570-4DA7-48B6-8B4B-1D59718EB05E}.Debug|Any CPU.ActiveCfg = Debug|Any CPU
		{D9FC1570-4DA7-48B6-8B4B-1D59718EB05E}.Debug|Any CPU.Build.0 = Debug|Any CPU
		{D9FC1570-4DA7-48B6-8B4B-1D59718EB05E}.Release|Any CPU.ActiveCfg = Release|Any CPU
		{D9FC1570-4DA7-48B6-8B4B-1D59718EB05E}.Release|Any CPU.Build.0 = Release|Any CPU
	EndGlobalSection
	GlobalSection(SolutionProperties) = preSolution
		HideSolutionNode = FALSE
	EndGlobalSection
	GlobalSection(ExtensibilityGlobals) = postSolution
		SolutionGuid = {E853362A-42D8-4D8F-859F-B9035B754DE1}
	EndGlobalSection
EndGlobal
